
Microsoft Visual Studio Solution File, Format Version 12.00
# Visual Studio 15
Project("{FAE04EC0-301F-11D3-BF4B-00C04F79EFBC}") = "FirebaseNativeLinkingBug", "FirebaseNativeLinkingBug\FirebaseNativeLinkingBug.csproj", "{00D0C865-4C19-4480-902E-D5E67FC0161C}"
EndProject
Global
	GlobalSection(SolutionConfigurationPlatforms) = preSolution
		Debug|iPhoneSimulator = Debug|iPhoneSimulator
		Release|iPhone = Release|iPhone
		Release|iPhoneSimulator = Release|iPhoneSimulator
		Debug|iPhone = Debug|iPhone
	EndGlobalSection
	GlobalSection(ProjectConfigurationPlatforms) = postSolution
		{00D0C865-4C19-4480-902E-D5E67FC0161C}.Debug|iPhoneSimulator.ActiveCfg = Debug|iPhoneSimulator
		{00D0C865-4C19-4480-902E-D5E67FC0161C}.Debug|iPhoneSimulator.Build.0 = Debug|iPhoneSimulator
		{00D0C865-4C19-4480-902E-D5E67FC0161C}.Release|iPhone.ActiveCfg = Release|iPhone
		{00D0C865-4C19-4480-902E-D5E67FC0161C}.Release|iPhone.Build.0 = Release|iPhone
		{00D0C865-4C19-4480-902E-D5E67FC0161C}.Release|iPhoneSimulator.ActiveCfg = Release|iPhoneSimulator
		{00D0C865-4C19-4480-902E-D5E67FC0161C}.Release|iPhoneSimulator.Build.0 = Release|iPhoneSimulator
		{00D0C865-4C19-4480-902E-D5E67FC0161C}.Debug|iPhone.ActiveCfg = Debug|iPhone
		{00D0C865-4C19-4480-902E-D5E67FC0161C}.Debug|iPhone.Build.0 = Debug|iPhone
	EndGlobalSection
EndGlobal
